PackratFormat: 1.4
PackratVersion: 0.4.8.1
RVersion: 3.3.2
Repos: CRAN=https://cran.rstudio.com/,
    CRANextra=http://www.stats.ox.ac.uk/pub/RWin

Package: XML
Source: CRAN
Version: 3.98-1.5
Hash: 818adc834fc0a16dd4340a59d63b673a

Package: packrat
Source: CRAN
Version: 0.4.8-1
Hash: 6ad605ba7b4b476d84be6632393f5765
